
Microsoft Visual Studio Solution File, Format Version 12.00
# Visual Studio Version 16
VisualStudioVersion = 16.0.30011.22
MinimumVisualStudioVersion = 10.0.40219.1
Project("{9A19103F-16F7-4668-BE54-9A1E7A4F7556}") = "EasyWayGroceries", "EasyWayGroceries\EasyWayGroceries.csproj", "{8F23E371-CE0D-482F-A638-8F7AC7796212}"
EndProject
Global
	GlobalSection(SolutionConfigurationPlatforms) = preSolution
		Debug|Any CPU = Debug|Any CPU
		Release|Any CPU = Release|Any CPU
	EndGlobalSection
	GlobalSection(ProjectConfigurationPlatforms) = postSolution
		{8F23E371-CE0D-482F-A638-8F7AC7796212}.Debug|Any CPU.ActiveCfg = Debug|Any CPU
		{8F23E371-CE0D-482F-A638-8F7AC7796212}.Debug|Any CPU.Build.0 = Debug|Any CPU
		{8F23E371-CE0D-482F-A638-8F7AC7796212}.Release|Any CPU.ActiveCfg = Release|Any CPU
		{8F23E371-CE0D-482F-A638-8F7AC7796212}.Release|Any CPU.Build.0 = Release|Any CPU
	EndGlobalSection
	GlobalSection(SolutionProperties) = preSolution
		HideSolutionNode = FALSE
	EndGlobalSection
	GlobalSection(ExtensibilityGlobals) = postSolution
		SolutionGuid = {4AF4CC34-1D99-41F8-AC90-A7430BB7C4CD}
	EndGlobalSection
EndGlobal
